
Microsoft Visual Studio Solution File, Format Version 12.00
# Visual Studio Version 17
VisualStudioVersion = 17.9.34728.123
MinimumVisualStudioVersion = 10.0.40219.1
Project("{2150E333-8FDC-42A3-9474-1A3956D46DE8}") = "PaymentService", "PaymentService", "{993B00A0-38F5-4647-9653-887A16592D42}"
EndProject
Project("{2150E333-8FDC-42A3-9474-1A3956D46DE8}") = "BookingService", "BookingService", "{CB3642D5-4837-4C26-B40C-A943EDE6C977}"
EndProject
Project("{2150E333-8FDC-42A3-9474-1A3956D46DE8}") = "Core", "Core", "{E85995EA-1AC3-457C-B735-8844861D48F7}"
EndProject
Project("{2150E333-8FDC-42A3-9474-1A3956D46DE8}") = "Domain", "Domain", "{9F36474E-625C-4D26-9C3B-7E357AF36C13}"
EndProject
Project("{2150E333-8FDC-42A3-9474-1A3956D46DE8}") = "Application", "Application", "{2638AA26-44BC-4B7A-897D-7AA320B64D17}"
EndProject
Project("{2150E333-8FDC-42A3-9474-1A3956D46DE8}") = "Adapters", "Adapters", "{44782391-6E01-4916-BD6C-BFDC0CBE0A56}"
EndProject
Project("{2150E333-8FDC-42A3-9474-1A3956D46DE8}") = "Consumers", "Consumers", "{49C0F04D-2D71-4E92-85CC-0817296BEEEF}"
EndProject
Project("{2150E333-8FDC-42A3-9474-1A3956D46DE8}") = "Tests", "Tests", "{FF6860D5-91DB-4391-8942-83B81AF9BF36}"
EndProject
Project("{2150E333-8FDC-42A3-9474-1A3956D46DE8}") = "Domain", "Domain", "{2E6EE7E2-FF32-43D6-88E7-4F628FBFA9AB}"
EndProject
Project("{2150E333-8FDC-42A3-9474-1A3956D46DE8}") = "Application", "Application", "{FE9F4C39-FC8D-4C4B-A5EB-DCD8DD37695C}"
EndProject
Project("{9A19103F-16F7-4668-BE54-9A1E7A4F7556}") = "DomainTests", "BookingService\Tests\Domain\DomainTests\DomainTests.csproj", "{7A9D7935-1931-4F1B-BB94-80E8490030EF}"
EndProject
Project("{9A19103F-16F7-4668-BE54-9A1E7A4F7556}") = "ApplicationTests", "BookingService\Tests\Application\ApplicationTests\ApplicationTests.csproj", "{007BBF9C-B4F9-403E-97CD-1F03464425BF}"
EndProject
Project("{2150E333-8FDC-42A3-9474-1A3956D46DE8}") = "Adapters", "Adapters", "{D8B8C01B-5B36-4AC3-A020-D49C717AB7E5}"
EndProject
Project("{9A19103F-16F7-4668-BE54-9A1E7A4F7556}") = "AdaptersTests", "BookingService\Tests\Adapters\AdaptersTests\AdaptersTests.csproj", "{A63D0A22-FA75-4455-AF54-3F6DD3F5011A}"
EndProject
Project("{9A19103F-16F7-4668-BE54-9A1E7A4F7556}") = "API", "BookingService\Consumers\API\API.csproj", "{C674F3E0-A9B7-4996-A9F7-585C1A4E1722}"
EndProject
Project("{9A19103F-16F7-4668-BE54-9A1E7A4F7556}") = "Data", "BookingService\Adapters\Data\Data.csproj", "{5D9574C3-5364-4D32-B6C3-BEA881B8482E}"
EndProject
Project("{9A19103F-16F7-4668-BE54-9A1E7A4F7556}") = "Application", "BookingService\Core\Application\Application.csproj", "{90D348F5-E345-407F-BAA9-DCAC004149BC}"
EndProject
Project("{9A19103F-16F7-4668-BE54-9A1E7A4F7556}") = "Domain", "BookingService\Core\Domain\Domain.csproj", "{EB5F88BE-D101-4AAC-B0CC-3F7440C9E165}"
EndProject
Global
	GlobalSection(SolutionConfigurationPlatforms) = preSolution
		Debug|Any CPU = Debug|Any CPU
		Release|Any CPU = Release|Any CPU
	EndGlobalSection
	GlobalSection(ProjectConfigurationPlatforms) = postSolution
		{7A9D7935-1931-4F1B-BB94-80E8490030EF}.Debug|Any CPU.ActiveCfg = Debug|Any CPU
		{7A9D7935-1931-4F1B-BB94-80E8490030EF}.Debug|Any CPU.Build.0 = Debug|Any CPU
		{7A9D7935-1931-4F1B-BB94-80E8490030EF}.Release|Any CPU.ActiveCfg = Release|Any CPU
		{7A9D7935-1931-4F1B-BB94-80E8490030EF}.Release|Any CPU.Build.0 = Release|Any CPU
		{007BBF9C-B4F9-403E-97CD-1F03464425BF}.Debug|Any CPU.ActiveCfg = Debug|Any CPU
		{007BBF9C-B4F9-403E-97CD-1F03464425BF}.Debug|Any CPU.Build.0 = Debug|Any CPU
		{007BBF9C-B4F9-403E-97CD-1F03464425BF}.Release|Any CPU.ActiveCfg = Release|Any CPU
		{007BBF9C-B4F9-403E-97CD-1F03464425BF}.Release|Any CPU.Build.0 = Release|Any CPU
		{A63D0A22-FA75-4455-AF54-3F6DD3F5011A}.Debug|Any CPU.ActiveCfg = Debug|Any CPU
		{A63D0A22-FA75-4455-AF54-3F6DD3F5011A}.Debug|Any CPU.Build.0 = Debug|Any CPU
		{A63D0A22-FA75-4455-AF54-3F6DD3F5011A}.Release|Any CPU.ActiveCfg = Release|Any CPU
		{A63D0A22-FA75-4455-AF54-3F6DD3F5011A}.Release|Any CPU.Build.0 = Release|Any CPU
		{C674F3E0-A9B7-4996-A9F7-585C1A4E1722}.Debug|Any CPU.ActiveCfg = Debug|Any CPU
		{C674F3E0-A9B7-4996-A9F7-585C1A4E1722}.Debug|Any CPU.Build.0 = Debug|Any CPU
		{C674F3E0-A9B7-4996-A9F7-585C1A4E1722}.Release|Any CPU.ActiveCfg = Release|Any CPU
		{C674F3E0-A9B7-4996-A9F7-585C1A4E1722}.Release|Any CPU.Build.0 = Release|Any CPU
		{5D9574C3-5364-4D32-B6C3-BEA881B8482E}.Debug|Any CPU.ActiveCfg = Debug|Any CPU
		{5D9574C3-5364-4D32-B6C3-BEA881B8482E}.Debug|Any CPU.Build.0 = Debug|Any CPU
		{5D9574C3-5364-4D32-B6C3-BEA881B8482E}.Release|Any CPU.ActiveCfg = Release|Any CPU
		{5D9574C3-5364-4D32-B6C3-BEA881B8482E}.Release|Any CPU.Build.0 = Release|Any CPU
		{90D348F5-E345-407F-BAA9-DCAC004149BC}.Debug|Any CPU.ActiveCfg = Debug|Any CPU
		{90D348F5-E345-407F-BAA9-DCAC004149BC}.Debug|Any CPU.Build.0 = Debug|Any CPU
		{90D348F5-E345-407F-BAA9-DCAC004149BC}.Release|Any CPU.ActiveCfg = Release|Any CPU
		{90D348F5-E345-407F-BAA9-DCAC004149BC}.Release|Any CPU.Build.0 = Release|Any CPU
		{EB5F88BE-D101-4AAC-B0CC-3F7440C9E165}.Debug|Any CPU.ActiveCfg = Debug|Any CPU
		{EB5F88BE-D101-4AAC-B0CC-3F7440C9E165}.Debug|Any CPU.Build.0 = Debug|Any CPU
		{EB5F88BE-D101-4AAC-B0CC-3F7440C9E165}.Release|Any CPU.ActiveCfg = Release|Any CPU
		{EB5F88BE-D101-4AAC-B0CC-3F7440C9E165}.Release|Any CPU.Build.0 = Release|Any CPU
	EndGlobalSection
	GlobalSection(SolutionProperties) = preSolution
		HideSolutionNode = FALSE
	EndGlobalSection
	GlobalSection(NestedProjects) = preSolution
		{E85995EA-1AC3-457C-B735-8844861D48F7} = {CB3642D5-4837-4C26-B40C-A943EDE6C977}
		{9F36474E-625C-4D26-9C3B-7E357AF36C13} = {E85995EA-1AC3-457C-B735-8844861D48F7}
		{2638AA26-44BC-4B7A-897D-7AA320B64D17} = {E85995EA-1AC3-457C-B735-8844861D48F7}
		{44782391-6E01-4916-BD6C-BFDC0CBE0A56} = {CB3642D5-4837-4C26-B40C-A943EDE6C977}
		{49C0F04D-2D71-4E92-85CC-0817296BEEEF} = {CB3642D5-4837-4C26-B40C-A943EDE6C977}
		{FF6860D5-91DB-4391-8942-83B81AF9BF36} = {CB3642D5-4837-4C26-B40C-A943EDE6C977}
		{2E6EE7E2-FF32-43D6-88E7-4F628FBFA9AB} = {FF6860D5-91DB-4391-8942-83B81AF9BF36}
		{FE9F4C39-FC8D-4C4B-A5EB-DCD8DD37695C} = {FF6860D5-91DB-4391-8942-83B81AF9BF36}
		{7A9D7935-1931-4F1B-BB94-80E8490030EF} = {2E6EE7E2-FF32-43D6-88E7-4F628FBFA9AB}
		{007BBF9C-B4F9-403E-97CD-1F03464425BF} = {FE9F4C39-FC8D-4C4B-A5EB-DCD8DD37695C}
		{D8B8C01B-5B36-4AC3-A020-D49C717AB7E5} = {FF6860D5-91DB-4391-8942-83B81AF9BF36}
		{A63D0A22-FA75-4455-AF54-3F6DD3F5011A} = {D8B8C01B-5B36-4AC3-A020-D49C717AB7E5}
		{C674F3E0-A9B7-4996-A9F7-585C1A4E1722} = {49C0F04D-2D71-4E92-85CC-0817296BEEEF}
		{5D9574C3-5364-4D32-B6C3-BEA881B8482E} = {44782391-6E01-4916-BD6C-BFDC0CBE0A56}
		{90D348F5-E345-407F-BAA9-DCAC004149BC} = {2638AA26-44BC-4B7A-897D-7AA320B64D17}
		{EB5F88BE-D101-4AAC-B0CC-3F7440C9E165} = {9F36474E-625C-4D26-9C3B-7E357AF36C13}
	EndGlobalSection
	GlobalSection(ExtensibilityGlobals) = postSolution
		SolutionGuid = {6F28CC9A-CFDC-4D22-9C17-9DC687C0D2A9}
	EndGlobalSection
EndGlobal
